
Microsoft Visual Studio Solution File, Format Version 12.00
# Visual Studio Version 17
VisualStudioVersion = 17.9.34728.123
MinimumVisualStudioVersion = 10.0.40219.1
Project("{8BC9CEB8-8B4A-11D0-8D11-00A0C91BC942}") = "Nuketown2025", "Nuketown2025\Nuketown2025.vcxproj", "{9E0B272A-E9BD-48F0-AAAE-C797BA1A392F}"
EndProject
Global
	GlobalSection(SolutionConfigurationPlatforms) = preSolution
		Debug|x64 = Debug|x64
		Debug|x86 = Debug|x86
		Release|x64 = Release|x64
		Release|x86 = Release|x86
	EndGlobalSection
	GlobalSection(ProjectConfigurationPlatforms) = postSolution
		{9E0B272A-E9BD-48F0-AAAE-C797BA1A392F}.Debug|x64.ActiveCfg = Debug|x64
		{9E0B272A-E9BD-48F0-AAAE-C797BA1A392F}.Debug|x64.Build.0 = Debug|x64
		{9E0B272A-E9BD-48F0-AAAE-C797BA1A392F}.Debug|x86.ActiveCfg = Debug|Win32
		{9E0B272A-E9BD-48F0-AAAE-C797BA1A392F}.Debug|x86.Build.0 = Debug|Win32
		{9E0B272A-E9BD-48F0-AAAE-C797BA1A392F}.Release|x64.ActiveCfg = Release|x64
		{9E0B272A-E9BD-48F0-AAAE-C797BA1A392F}.Release|x64.Build.0 = Release|x64
		{9E0B272A-E9BD-48F0-AAAE-C797BA1A392F}.Release|x86.ActiveCfg = Release|Win32
		{9E0B272A-E9BD-48F0-AAAE-C797BA1A392F}.Release|x86.Build.0 = Release|Win32
	EndGlobalSection
	GlobalSection(SolutionProperties) = preSolution
		HideSolutionNode = FALSE
	EndGlobalSection
	GlobalSection(ExtensibilityGlobals) = postSolution
		SolutionGuid = {1F1514BD-6C79-4110-BB0A-5FE2D1A43228}
	EndGlobalSection
EndGlobal
